
Microsoft Visual Studio Solution File, Format Version 12.00
# Visual Studio Version 17
VisualStudioVersion = 17.12.35514.174 d17.12
MinimumVisualStudioVersion = 10.0.40219.1
Project("{FAE04EC0-301F-11D3-BF4B-00C04F79EFBC}") = "TenantInspectAdmin.API", "..\TenantInspectAdmin.API\TenantInspectAdmin.API.csproj", "{87D657F7-E0BF-4C93-8896-36EB0F94E402}"
EndProject
Project("{FAE04EC0-301F-11D3-BF4B-00C04F79EFBC}") = "TenantInspectAdmin.DAL", "..\TenantInspectAdmin.DAL\TenantInspectAdmin.DAL.csproj", "{50281472-D03C-4922-B6BD-98F1219C64DE}"
EndProject
Project("{FAE04EC0-301F-11D3-BF4B-00C04F79EFBC}") = "TenantInspectAdmin.Domain", "..\TenantInspectAdmin.Domain\TenantInspectAdmin.Domain.csproj", "{4A388ACF-A9B7-4351-8CBC-0FAD1A718DA0}"
EndProject
Project("{FAE04EC0-301F-11D3-BF4B-00C04F79EFBC}") = "TenantInspectAdmin.Common", "..\TenantInspectAdmin.Common\TenantInspectAdmin.Common.csproj", "{8E91A39E-2646-48AF-9858-EC308AF6446A}"
EndProject
Project("{FAE04EC0-301F-11D3-BF4B-00C04F79EFBC}") = "TenantInspectAdmin.Helper", "..\TenantInspectAdmin.Helper\TenantInspectAdmin.Helper.csproj", "{ADD03A21-BB61-4C5C-B1CD-3DD6C44FCB64}"
EndProject
Project("{FAE04EC0-301F-11D3-BF4B-00C04F79EFBC}") = "TenantInspectAdmin.Service", "..\TenantInspectAdmin.Service\TenantInspectAdmin.Service.csproj", "{B9689E61-C19D-4B58-BF53-8956C409A993}"
EndProject
Global
	GlobalSection(SolutionConfigurationPlatforms) = preSolution
		Debug|Any CPU = Debug|Any CPU
		Release|Any CPU = Release|Any CPU
	EndGlobalSection
	GlobalSection(ProjectConfigurationPlatforms) = postSolution
		{87D657F7-E0BF-4C93-8896-36EB0F94E402}.Debug|Any CPU.ActiveCfg = Debug|Any CPU
		{87D657F7-E0BF-4C93-8896-36EB0F94E402}.Debug|Any CPU.Build.0 = Debug|Any CPU
		{87D657F7-E0BF-4C93-8896-36EB0F94E402}.Release|Any CPU.ActiveCfg = Release|Any CPU
		{87D657F7-E0BF-4C93-8896-36EB0F94E402}.Release|Any CPU.Build.0 = Release|Any CPU
		{50281472-D03C-4922-B6BD-98F1219C64DE}.Debug|Any CPU.ActiveCfg = Debug|Any CPU
		{50281472-D03C-4922-B6BD-98F1219C64DE}.Debug|Any CPU.Build.0 = Debug|Any CPU
		{50281472-D03C-4922-B6BD-98F1219C64DE}.Release|Any CPU.ActiveCfg = Release|Any CPU
		{50281472-D03C-4922-B6BD-98F1219C64DE}.Release|Any CPU.Build.0 = Release|Any CPU
		{4A388ACF-A9B7-4351-8CBC-0FAD1A718DA0}.Debug|Any CPU.ActiveCfg = Debug|Any CPU
		{4A388ACF-A9B7-4351-8CBC-0FAD1A718DA0}.Debug|Any CPU.Build.0 = Debug|Any CPU
		{4A388ACF-A9B7-4351-8CBC-0FAD1A718DA0}.Release|Any CPU.ActiveCfg = Release|Any CPU
		{4A388ACF-A9B7-4351-8CBC-0FAD1A718DA0}.Release|Any CPU.Build.0 = Release|Any CPU
		{8E91A39E-2646-48AF-9858-EC308AF6446A}.Debug|Any CPU.ActiveCfg = Debug|Any CPU
		{8E91A39E-2646-48AF-9858-EC308AF6446A}.Debug|Any CPU.Build.0 = Debug|Any CPU
		{8E91A39E-2646-48AF-9858-EC308AF6446A}.Release|Any CPU.ActiveCfg = Release|Any CPU
		{8E91A39E-2646-48AF-9858-EC308AF6446A}.Release|Any CPU.Build.0 = Release|Any CPU
		{ADD03A21-BB61-4C5C-B1CD-3DD6C44FCB64}.Debug|Any CPU.ActiveCfg = Debug|Any CPU
		{ADD03A21-BB61-4C5C-B1CD-3DD6C44FCB64}.Debug|Any CPU.Build.0 = Debug|Any CPU
		{ADD03A21-BB61-4C5C-B1CD-3DD6C44FCB64}.Release|Any CPU.ActiveCfg = Release|Any CPU
		{ADD03A21-BB61-4C5C-B1CD-3DD6C44FCB64}.Release|Any CPU.Build.0 = Release|Any CPU
		{B9689E61-C19D-4B58-BF53-8956C409A993}.Debug|Any CPU.ActiveCfg = Debug|Any CPU
		{B9689E61-C19D-4B58-BF53-8956C409A993}.Debug|Any CPU.Build.0 = Debug|Any CPU
		{B9689E61-C19D-4B58-BF53-8956C409A993}.Release|Any CPU.ActiveCfg = Release|Any CPU
		{B9689E61-C19D-4B58-BF53-8956C409A993}.Release|Any CPU.Build.0 = Release|Any CPU
	EndGlobalSection
	GlobalSection(SolutionProperties) = preSolution
		HideSolutionNode = FALSE
	EndGlobalSection
EndGlobal
